
Microsoft Visual Studio Solution File, Format Version 12.00
# Visual Studio Version 17
VisualStudioVersion = 17.3.32922.545
MinimumVisualStudioVersion = 10.0.40219.1
Project("{FAE04EC0-301F-11D3-BF4B-00C04F79EFBC}") = "Problem_001", "Problem_001\Problem_001.csproj", "{B2CE9A65-D7A3-4FAF-9044-AA292C4C4414}"
EndProject
Project("{FAE04EC0-301F-11D3-BF4B-00C04F79EFBC}") = "Problem_002", "Problem_002\Problem_002.csproj", "{2D518F10-94FB-467B-B694-00FDE146FDC7}"
EndProject
Global
	GlobalSection(SolutionConfigurationPlatforms) = preSolution
		Debug|Any CPU = Debug|Any CPU
		Release|Any CPU = Release|Any CPU
	EndGlobalSection
	GlobalSection(ProjectConfigurationPlatforms) = postSolution
		{B2CE9A65-D7A3-4FAF-9044-AA292C4C4414}.Debug|Any CPU.ActiveCfg = Debug|Any CPU
		{B2CE9A65-D7A3-4FAF-9044-AA292C4C4414}.Debug|Any CPU.Build.0 = Debug|Any CPU
		{B2CE9A65-D7A3-4FAF-9044-AA292C4C4414}.Release|Any CPU.ActiveCfg = Release|Any CPU
		{B2CE9A65-D7A3-4FAF-9044-AA292C4C4414}.Release|Any CPU.Build.0 = Release|Any CPU
		{2D518F10-94FB-467B-B694-00FDE146FDC7}.Debug|Any CPU.ActiveCfg = Debug|Any CPU
		{2D518F10-94FB-467B-B694-00FDE146FDC7}.Debug|Any CPU.Build.0 = Debug|Any CPU
		{2D518F10-94FB-467B-B694-00FDE146FDC7}.Release|Any CPU.ActiveCfg = Release|Any CPU
		{2D518F10-94FB-467B-B694-00FDE146FDC7}.Release|Any CPU.Build.0 = Release|Any CPU
	EndGlobalSection
	GlobalSection(SolutionProperties) = preSolution
		HideSolutionNode = FALSE
	EndGlobalSection
	GlobalSection(ExtensibilityGlobals) = postSolution
		SolutionGuid = {37212923-E9DA-4C94-800F-C2AF4D6B0E31}
	EndGlobalSection
EndGlobal
