
Microsoft Visual Studio Solution File, Format Version 12.00
# Visual Studio Version 17
VisualStudioVersion = 17.3.32922.545
MinimumVisualStudioVersion = 10.0.40219.1
Project("{9A19103F-16F7-4668-BE54-9A1E7A4F7556}") = "Problem_003", "Problem_003\Problem_003.csproj", "{EB8302DB-849D-443F-9037-44E06E952942}"
EndProject
Project("{9A19103F-16F7-4668-BE54-9A1E7A4F7556}") = "Problem_004", "Problem_004\Problem_004.csproj", "{A01ACE8F-2C08-40B4-A966-4671E4E58015}"
EndProject
Project("{9A19103F-16F7-4668-BE54-9A1E7A4F7556}") = "Problem_005", "Problem_005\Problem_005.csproj", "{0894C926-EEAA-4533-84EB-4A2264933250}"
EndProject
Project("{9A19103F-16F7-4668-BE54-9A1E7A4F7556}") = "Problem_006", "Problem_006\Problem_006.csproj", "{F5993DE7-6DE8-4214-B1E2-6EEBD829F5F0}"
EndProject
Project("{9A19103F-16F7-4668-BE54-9A1E7A4F7556}") = "Problem_007", "Problem_007\Problem_007.csproj", "{8BA27743-FAE5-45FD-A34C-E23358BFDE78}"
EndProject
Project("{9A19103F-16F7-4668-BE54-9A1E7A4F7556}") = "Problem_008", "Problem_008\Problem_008.csproj", "{71E05BD0-105F-4EDB-9313-37A14F2B7B9C}"
EndProject
Project("{9A19103F-16F7-4668-BE54-9A1E7A4F7556}") = "Problem_009", "Problem_009\Problem_009.csproj", "{153C962F-94E5-4FAA-9068-C7E8D7AE0488}"
EndProject
Project("{9A19103F-16F7-4668-BE54-9A1E7A4F7556}") = "Problem_010", "Problem_010\Problem_010.csproj", "{17D085C3-34A4-4AD6-85DC-09A232654AD2}"
EndProject
Project("{9A19103F-16F7-4668-BE54-9A1E7A4F7556}") = "Problem_011", "Problem_011\Problem_011.csproj", "{4462794D-245E-4D71-9B70-B3329E5A8DD8}"
EndProject
Project("{9A19103F-16F7-4668-BE54-9A1E7A4F7556}") = "Problem_012", "Problem_012\Problem_012.csproj", "{4578A1BD-84C5-4CAD-97F3-39D312E0E21E}"
EndProject
Project("{9A19103F-16F7-4668-BE54-9A1E7A4F7556}") = "Problem_013", "Problem_013\Problem_013.csproj", "{219C284A-EBE4-4AC2-9A92-B50FCCB1196E}"
EndProject
Project("{9A19103F-16F7-4668-BE54-9A1E7A4F7556}") = "Problem_014", "Problem_014\Problem_014.csproj", "{FC13361C-6ABE-497E-930B-660C5BD0DA22}"
EndProject
Project("{9A19103F-16F7-4668-BE54-9A1E7A4F7556}") = "Problem_015", "Problem_015\Problem_015.csproj", "{A1B38458-9C02-4483-A760-4ADE135DF082}"
EndProject
Project("{9A19103F-16F7-4668-BE54-9A1E7A4F7556}") = "Problem_016", "Problem_016\Problem_016.csproj", "{7AED87C5-A95C-49EC-A145-73C4CD2447FA}"
EndProject
Project("{9A19103F-16F7-4668-BE54-9A1E7A4F7556}") = "Problem_017", "Problem_017\Problem_017.csproj", "{8E1295AC-381A-465C-8722-1B8A712E5DA7}"
EndProject
Project("{9A19103F-16F7-4668-BE54-9A1E7A4F7556}") = "Problem_018", "Problem_018\Problem_018.csproj", "{A5394C58-538C-43AD-A82E-4773310EBB37}"
EndProject
Project("{9A19103F-16F7-4668-BE54-9A1E7A4F7556}") = "Problem_001", "Problem_001\Problem_001.csproj", "{A063D68B-8283-43D1-A62D-2E59E39A1931}"
EndProject
Project("{9A19103F-16F7-4668-BE54-9A1E7A4F7556}") = "Problem_002", "Problem_002\Problem_002.csproj", "{7432F3E5-01EF-4F91-B0F1-673BFE5FA860}"
EndProject
Global
	GlobalSection(SolutionConfigurationPlatforms) = preSolution
		Debug|Any CPU = Debug|Any CPU
		Release|Any CPU = Release|Any CPU
	EndGlobalSection
	GlobalSection(ProjectConfigurationPlatforms) = postSolution
		{EB8302DB-849D-443F-9037-44E06E952942}.Debug|Any CPU.ActiveCfg = Debug|Any CPU
		{EB8302DB-849D-443F-9037-44E06E952942}.Debug|Any CPU.Build.0 = Debug|Any CPU
		{EB8302DB-849D-443F-9037-44E06E952942}.Release|Any CPU.ActiveCfg = Release|Any CPU
		{EB8302DB-849D-443F-9037-44E06E952942}.Release|Any CPU.Build.0 = Release|Any CPU
		{A01ACE8F-2C08-40B4-A966-4671E4E58015}.Debug|Any CPU.ActiveCfg = Debug|Any CPU
		{A01ACE8F-2C08-40B4-A966-4671E4E58015}.Debug|Any CPU.Build.0 = Debug|Any CPU
		{A01ACE8F-2C08-40B4-A966-4671E4E58015}.Release|Any CPU.ActiveCfg = Release|Any CPU
		{A01ACE8F-2C08-40B4-A966-4671E4E58015}.Release|Any CPU.Build.0 = Release|Any CPU
		{0894C926-EEAA-4533-84EB-4A2264933250}.Debug|Any CPU.ActiveCfg = Debug|Any CPU
		{0894C926-EEAA-4533-84EB-4A2264933250}.Debug|Any CPU.Build.0 = Debug|Any CPU
		{0894C926-EEAA-4533-84EB-4A2264933250}.Release|Any CPU.ActiveCfg = Release|Any CPU
		{0894C926-EEAA-4533-84EB-4A2264933250}.Release|Any CPU.Build.0 = Release|Any CPU
		{F5993DE7-6DE8-4214-B1E2-6EEBD829F5F0}.Debug|Any CPU.ActiveCfg = Debug|Any CPU
		{F5993DE7-6DE8-4214-B1E2-6EEBD829F5F0}.Debug|Any CPU.Build.0 = Debug|Any CPU
		{F5993DE7-6DE8-4214-B1E2-6EEBD829F5F0}.Release|Any CPU.ActiveCfg = Release|Any CPU
		{F5993DE7-6DE8-4214-B1E2-6EEBD829F5F0}.Release|Any CPU.Build.0 = Release|Any CPU
		{8BA27743-FAE5-45FD-A34C-E23358BFDE78}.Debug|Any CPU.ActiveCfg = Debug|Any CPU
		{8BA27743-FAE5-45FD-A34C-E23358BFDE78}.Debug|Any CPU.Build.0 = Debug|Any CPU
		{8BA27743-FAE5-45FD-A34C-E23358BFDE78}.Release|Any CPU.ActiveCfg = Release|Any CPU
		{8BA27743-FAE5-45FD-A34C-E23358BFDE78}.Release|Any CPU.Build.0 = Release|Any CPU
		{71E05BD0-105F-4EDB-9313-37A14F2B7B9C}.Debug|Any CPU.ActiveCfg = Debug|Any CPU
		{71E05BD0-105F-4EDB-9313-37A14F2B7B9C}.Debug|Any CPU.Build.0 = Debug|Any CPU
		{71E05BD0-105F-4EDB-9313-37A14F2B7B9C}.Release|Any CPU.ActiveCfg = Release|Any CPU
		{71E05BD0-105F-4EDB-9313-37A14F2B7B9C}.Release|Any CPU.Build.0 = Release|Any CPU
		{153C962F-94E5-4FAA-9068-C7E8D7AE0488}.Debug|Any CPU.ActiveCfg = Debug|Any CPU
		{153C962F-94E5-4FAA-9068-C7E8D7AE0488}.Debug|Any CPU.Build.0 = Debug|Any CPU
		{153C962F-94E5-4FAA-9068-C7E8D7AE0488}.Release|Any CPU.ActiveCfg = Release|Any CPU
		{153C962F-94E5-4FAA-9068-C7E8D7AE0488}.Release|Any CPU.Build.0 = Release|Any CPU
		{17D085C3-34A4-4AD6-85DC-09A232654AD2}.Debug|Any CPU.ActiveCfg = Debug|Any CPU
		{17D085C3-34A4-4AD6-85DC-09A232654AD2}.Debug|Any CPU.Build.0 = Debug|Any CPU
		{17D085C3-34A4-4AD6-85DC-09A232654AD2}.Release|Any CPU.ActiveCfg = Release|Any CPU
		{17D085C3-34A4-4AD6-85DC-09A232654AD2}.Release|Any CPU.Build.0 = Release|Any CPU
		{4462794D-245E-4D71-9B70-B3329E5A8DD8}.Debug|Any CPU.ActiveCfg = Debug|Any CPU
		{4462794D-245E-4D71-9B70-B3329E5A8DD8}.Debug|Any CPU.Build.0 = Debug|Any CPU
		{4462794D-245E-4D71-9B70-B3329E5A8DD8}.Release|Any CPU.ActiveCfg = Release|Any CPU
		{4462794D-245E-4D71-9B70-B3329E5A8DD8}.Release|Any CPU.Build.0 = Release|Any CPU
		{4578A1BD-84C5-4CAD-97F3-39D312E0E21E}.Debug|Any CPU.ActiveCfg = Debug|Any CPU
		{4578A1BD-84C5-4CAD-97F3-39D312E0E21E}.Debug|Any CPU.Build.0 = Debug|Any CPU
		{4578A1BD-84C5-4CAD-97F3-39D312E0E21E}.Release|Any CPU.ActiveCfg = Release|Any CPU
		{4578A1BD-84C5-4CAD-97F3-39D312E0E21E}.Release|Any CPU.Build.0 = Release|Any CPU
		{219C284A-EBE4-4AC2-9A92-B50FCCB1196E}.Debug|Any CPU.ActiveCfg = Debug|Any CPU
		{219C284A-EBE4-4AC2-9A92-B50FCCB1196E}.Debug|Any CPU.Build.0 = Debug|Any CPU
		{219C284A-EBE4-4AC2-9A92-B50FCCB1196E}.Release|Any CPU.ActiveCfg = Release|Any CPU
		{219C284A-EBE4-4AC2-9A92-B50FCCB1196E}.Release|Any CPU.Build.0 = Release|Any CPU
		{FC13361C-6ABE-497E-930B-660C5BD0DA22}.Debug|Any CPU.ActiveCfg = Debug|Any CPU
		{FC13361C-6ABE-497E-930B-660C5BD0DA22}.Debug|Any CPU.Build.0 = Debug|Any CPU
		{FC13361C-6ABE-497E-930B-660C5BD0DA22}.Release|Any CPU.ActiveCfg = Release|Any CPU
		{FC13361C-6ABE-497E-930B-660C5BD0DA22}.Release|Any CPU.Build.0 = Release|Any CPU
		{A1B38458-9C02-4483-A760-4ADE135DF082}.Debug|Any CPU.ActiveCfg = Debug|Any CPU
		{A1B38458-9C02-4483-A760-4ADE135DF082}.Debug|Any CPU.Build.0 = Debug|Any CPU
		{A1B38458-9C02-4483-A760-4ADE135DF082}.Release|Any CPU.ActiveCfg = Release|Any CPU
		{A1B38458-9C02-4483-A760-4ADE135DF082}.Release|Any CPU.Build.0 = Release|Any CPU
		{7AED87C5-A95C-49EC-A145-73C4CD2447FA}.Debug|Any CPU.ActiveCfg = Debug|Any CPU
		{7AED87C5-A95C-49EC-A145-73C4CD2447FA}.Debug|Any CPU.Build.0 = Debug|Any CPU
		{7AED87C5-A95C-49EC-A145-73C4CD2447FA}.Release|Any CPU.ActiveCfg = Release|Any CPU
		{7AED87C5-A95C-49EC-A145-73C4CD2447FA}.Release|Any CPU.Build.0 = Release|Any CPU
		{8E1295AC-381A-465C-8722-1B8A712E5DA7}.Debug|Any CPU.ActiveCfg = Debug|Any CPU
		{8E1295AC-381A-465C-8722-1B8A712E5DA7}.Debug|Any CPU.Build.0 = Debug|Any CPU
		{8E1295AC-381A-465C-8722-1B8A712E5DA7}.Release|Any CPU.ActiveCfg = Release|Any CPU
		{8E1295AC-381A-465C-8722-1B8A712E5DA7}.Release|Any CPU.Build.0 = Release|Any CPU
		{A5394C58-538C-43AD-A82E-4773310EBB37}.Debug|Any CPU.ActiveCfg = Debug|Any CPU
		{A5394C58-538C-43AD-A82E-4773310EBB37}.Debug|Any CPU.Build.0 = Debug|Any CPU
		{A5394C58-538C-43AD-A82E-4773310EBB37}.Release|Any CPU.ActiveCfg = Release|Any CPU
		{A5394C58-538C-43AD-A82E-4773310EBB37}.Release|Any CPU.Build.0 = Release|Any CPU
		{A063D68B-8283-43D1-A62D-2E59E39A1931}.Debug|Any CPU.ActiveCfg = Debug|Any CPU
		{A063D68B-8283-43D1-A62D-2E59E39A1931}.Debug|Any CPU.Build.0 = Debug|Any CPU
		{A063D68B-8283-43D1-A62D-2E59E39A1931}.Release|Any CPU.ActiveCfg = Release|Any CPU
		{A063D68B-8283-43D1-A62D-2E59E39A1931}.Release|Any CPU.Build.0 = Release|Any CPU
		{7432F3E5-01EF-4F91-B0F1-673BFE5FA860}.Debug|Any CPU.ActiveCfg = Debug|Any CPU
		{7432F3E5-01EF-4F91-B0F1-673BFE5FA860}.Debug|Any CPU.Build.0 = Debug|Any CPU
		{7432F3E5-01EF-4F91-B0F1-673BFE5FA860}.Release|Any CPU.ActiveCfg = Release|Any CPU
		{7432F3E5-01EF-4F91-B0F1-673BFE5FA860}.Release|Any CPU.Build.0 = Release|Any CPU
	EndGlobalSection
	GlobalSection(SolutionProperties) = preSolution
		HideSolutionNode = FALSE
	EndGlobalSection
	GlobalSection(ExtensibilityGlobals) = postSolution
		SolutionGuid = {37212923-E9DA-4C94-800F-C2AF4D6B0E31}
	EndGlobalSection
EndGlobal
